
Microsoft Visual Studio Solution File, Format Version 12.00
# Visual Studio Version 16
VisualStudioVersion = 16.0.32407.337
MinimumVisualStudioVersion = 10.0.40219.1
Project("{F184B08F-C81C-45F6-A57F-5ABD9991F28F}") = "titulos_samnet", "titulos_samnet\titulos_samnet.vbproj", "{76A2EB66-9415-455C-BE93-8F4493203FC2}"
EndProject
Project("{54435603-DBB4-11D2-8724-00A0C9A8B90C}") = "cmdoSamnet", "setup\cmdoSamnet\cmdoSamnet.vdproj", "{46BD6B5F-B9AC-4228-8FD6-3821DDCAF0BB}"
EndProject
Global
	GlobalSection(SolutionConfigurationPlatforms) = preSolution
		Debug|Any CPU = Debug|Any CPU
		Release|Any CPU = Release|Any CPU
	EndGlobalSection
	GlobalSection(ProjectConfigurationPlatforms) = postSolution
		{76A2EB66-9415-455C-BE93-8F4493203FC2}.Debug|Any CPU.ActiveCfg = Release|Any CPU
		{76A2EB66-9415-455C-BE93-8F4493203FC2}.Debug|Any CPU.Build.0 = Release|Any CPU
		{76A2EB66-9415-455C-BE93-8F4493203FC2}.Release|Any CPU.ActiveCfg = Release|Any CPU
		{76A2EB66-9415-455C-BE93-8F4493203FC2}.Release|Any CPU.Build.0 = Release|Any CPU
		{46BD6B5F-B9AC-4228-8FD6-3821DDCAF0BB}.Debug|Any CPU.ActiveCfg = Debug
		{46BD6B5F-B9AC-4228-8FD6-3821DDCAF0BB}.Release|Any CPU.ActiveCfg = Release
	EndGlobalSection
	GlobalSection(SolutionProperties) = preSolution
		HideSolutionNode = FALSE
	EndGlobalSection
	GlobalSection(ExtensibilityGlobals) = postSolution
		SolutionGuid = {55047916-09E3-45B2-90DC-4578D49B8677}
	EndGlobalSection
EndGlobal
